// !$*UTF8*$!
{
	archiveVersion = 1;
	classes = {
	};
	objectVersion = 46;
	objects = {

/* Begin PBXBuildFile section */
		3F78D0F820568FFD30D592F1 /* Pods_DemoSocialMediaIntegrationTests.framework in Frameworks */ = {isa = PBXBuildFile; fileRef = C7C6A52F02BDB9B17C521A0E /* Pods_DemoSocialMediaIntegrationTests.framework */; };
		76B2EEAB8A6DDA038219A232 /* Pods_DemoSocialMediaIntegrationUITests.framework in Frameworks */ = {isa = PBXBuildFile; fileRef = 77A999ADC2DE3B75761B2CFE /* Pods_DemoSocialMediaIntegrationUITests.framework */; };
		B6CF14721D4A346A65D439D6 /* Pods_DemoSocialMediaIntegration.framework in Frameworks */ = {isa = PBXBuildFile; fileRef = CF5041705A9231C15D5F5ABA /* Pods_DemoSocialMediaIntegration.framework */; };
		D046EFAF208DFDCF00071F7C /* AppDelegate.swift in Sources */ = {isa = PBXBuildFile; fileRef = D046EFAE208DFDCF00071F7C /* AppDelegate.swift */; };
		D046EFB4208DFDCF00071F7C /* Main.storyboard in Resources */ = {isa = PBXBuildFile; fileRef = D046EFB2208DFDCF00071F7C /* Main.storyboard */; };
		D046EFB7208DFDCF00071F7C /* DemoSocialMediaIntegration.xcdatamodeld in Sources */ = {isa = PBXBuildFile; fileRef = D046EFB5208DFDCF00071F7C /* DemoSocialMediaIntegration.xcdatamodeld */; };
		D046EFB9208DFDD700071F7C /* Assets.xcassets in Resources */ = {isa = PBXBuildFile; fileRef = D046EFB8208DFDD700071F7C /* Assets.xcassets */; };
		D046EFBC208DFDD700071F7C /* LaunchScreen.storyboard in Resources */ = {isa = PBXBuildFile; fileRef = D046EFBA208DFDD700071F7C /* LaunchScreen.storyboard */; };
		D046EFC7208DFDD700071F7C /* DemoSocialMediaIntegrationTests.swift in Sources */ = {isa = PBXBuildFile; fileRef = D046EFC6208DFDD700071F7C /* DemoSocialMediaIntegrationTests.swift */; };
		D046EFD2208DFDD800071F7C /* DemoSocialMediaIntegrationUITests.swift in Sources */ = {isa = PBXBuildFile; fileRef = D046EFD1208DFDD800071F7C /* DemoSocialMediaIntegrationUITests.swift */; };
		D0B31D88208F38630064502A /* LoginOptionsViewController.swift in Sources */ = {isa = PBXBuildFile; fileRef = D0B31D87208F38630064502A /* LoginOptionsViewController.swift */; };
		D0B31D8B208F3E980064502A /* HomeViewController.swift in Sources */ = {isa = PBXBuildFile; fileRef = D0B31D8A208F3E980064502A /* HomeViewController.swift */; };
		D0B31D8D208F51650064502A /* AppManager.swift in Sources */ = {isa = PBXBuildFile; fileRef = D0B31D8C208F51650064502A /* AppManager.swift */; };
		D0B31D8F208F61FD0064502A /* LoginOptionsView.swift in Sources */ = {isa = PBXBuildFile; fileRef = D0B31D8E208F61FD0064502A /* LoginOptionsView.swift */; };
/* End PBXBuildFile section */

/* Begin PBXContainerItemProxy section */
		D046EFC3208DFDD700071F7C /* PBXContainerItemProxy */ = {
			isa = PBXContainerItemProxy;
			containerPortal = D046EFA3208DFDCE00071F7C /* Project object */;
			proxyType = 1;
			remoteGlobalIDString = D046EFAA208DFDCF00071F7C;
			remoteInfo = DemoSocialMediaIntegration;
		};
		D046EFCE208DFDD800071F7C /* PBXContainerItemProxy */ = {
			isa = PBXContainerItemProxy;
			containerPortal = D046EFA3208DFDCE00071F7C /* Project object */;
			proxyType = 1;
			remoteGlobalIDString = D046EFAA208DFDCF00071F7C;
			remoteInfo = DemoSocialMediaIntegration;
		};
/* End PBXContainerItemProxy section */

/* Begin PBXFileReference section */
		0E509312EFE03BAEDBBAE601 /* Pods-DemoSocialMediaIntegrationTests.release.xcconfig */ = {isa = PBXFileReference; includeInIndex = 1; lastKnownFileType = text.xcconfig; name = "Pods-DemoSocialMediaIntegrationTests.release.xcconfig"; path = "Pods/Target Support Files/Pods-DemoSocialMediaIntegrationTests/Pods-DemoSocialMediaIntegrationTests.release.xcconfig"; sourceTree = "<group>"; };
		1FAAAADB0841A10320771217 /* Pods-DemoSocialMediaIntegrationUITests.release.xcconfig */ = {isa = PBXFileReference; includeInIndex = 1; lastKnownFileType = text.xcconfig; name = "Pods-DemoSocialMediaIntegrationUITests.release.xcconfig"; path = "Pods/Target Support Files/Pods-DemoSocialMediaIntegrationUITests/Pods-DemoSocialMediaIntegrationUITests.release.xcconfig"; sourceTree = "<group>"; };
		656B4749D28888E3786E27FB /* Pods-DemoSocialMediaIntegrationUITests.debug.xcconfig */ = {isa = PBXFileReference; includeInIndex = 1; lastKnownFileType = text.xcconfig; name = "Pods-DemoSocialMediaIntegrationUITests.debug.xcconfig"; path = "Pods/Target Support Files/Pods-DemoSocialMediaIntegrationUITests/Pods-DemoSocialMediaIntegrationUITests.debug.xcconfig"; sourceTree = "<group>"; };
		77A999ADC2DE3B75761B2CFE /* Pods_DemoSocialMediaIntegrationUITests.framework */ = {isa = PBXFileReference; explicitFileType = wrapper.framework; includeInIndex = 0; path = Pods_DemoSocialMediaIntegrationUITests.framework; sourceTree = BUILT_PRODUCTS_DIR; };
		837871DE08AC695A863E85BD /* Pods-DemoSocialMediaIntegrationTests.debug.xcconfig */ = {isa = PBXFileReference; includeInIndex = 1; lastKnownFileType = text.xcconfig; name = "Pods-DemoSocialMediaIntegrationTests.debug.xcconfig"; path = "Pods/Target Support Files/Pods-DemoSocialMediaIntegrationTests/Pods-DemoSocialMediaIntegrationTests.debug.xcconfig"; sourceTree = "<group>"; };
		C6863A92D607284B1DD0DA8C /* Pods-DemoSocialMediaIntegration.release.xcconfig */ = {isa = PBXFileReference; includeInIndex = 1; lastKnownFileType = text.xcconfig; name = "Pods-DemoSocialMediaIntegration.release.xcconfig"; path = "Pods/Target Support Files/Pods-DemoSocialMediaIntegration/Pods-DemoSocialMediaIntegration.release.xcconfig"; sourceTree = "<group>"; };
		C7C6A52F02BDB9B17C521A0E /* Pods_DemoSocialMediaIntegrationTests.framework */ = {isa = PBXFileReference; explicitFileType = wrapper.framework; includeInIndex = 0; path = Pods_DemoSocialMediaIntegrationTests.framework; sourceTree = BUILT_PRODUCTS_DIR; };
		CD16248BC0CBE2CE2F44ED0D /* Pods-DemoSocialMediaIntegration.debug.xcconfig */ = {isa = PBXFileReference; includeInIndex = 1; lastKnownFileType = text.xcconfig; name = "Pods-DemoSocialMediaIntegration.debug.xcconfig"; path = "Pods/Target Support Files/Pods-DemoSocialMediaIntegration/Pods-DemoSocialMediaIntegration.debug.xcconfig"; sourceTree = "<group>"; };
		CF5041705A9231C15D5F5ABA /* Pods_DemoSocialMediaIntegration.framework */ = {isa = PBXFileReference; explicitFileType = wrapper.framework; includeInIndex = 0; path = Pods_DemoSocialMediaIntegration.framework; sourceTree = BUILT_PRODUCTS_DIR; };
		D046EFAB208DFDCF00071F7C /* DemoSocialMediaIntegration.app */ = {isa = PBXFileReference; explicitFileType = wrapper.application; includeInIndex = 0; path = DemoSocialMediaIntegration.app; sourceTree = BUILT_PRODUCTS_DIR; };
		D046EFAE208DFDCF00071F7C /* AppDelegate.swift */ = {isa = PBXFileReference; lastKnownFileType = sourcecode.swift; path = AppDelegate.swift; sourceTree = "<group>"; };
		D046EFB3208DFDCF00071F7C /* Base */ = {isa = PBXFileReference; lastKnownFileType = file.storyboard; name = Base; path = Base.lproj/Main.storyboard; sourceTree = "<group>"; };
		D046EFB6208DFDCF00071F7C /* DemoSocialMediaIntegration.xcdatamodel */ = {isa = PBXFileReference; lastKnownFileType = wrapper.xcdatamodel; path = DemoSocialMediaIntegration.xcdatamodel; sourceTree = "<group>"; };
		D046EFB8208DFDD700071F7C /* Assets.xcassets */ = {isa = PBXFileReference; lastKnownFileType = folder.assetcatalog; path = Assets.xcassets; sourceTree = "<group>"; };
		D046EFBB208DFDD700071F7C /* Base */ = {isa = PBXFileReference; lastKnownFileType = file.storyboard; name = Base; path = Base.lproj/LaunchScreen.storyboard; sourceTree = "<group>"; };
		D046EFBD208DFDD700071F7C /* Info.plist */ = {isa = PBXFileReference; lastKnownFileType = text.plist.xml; path = Info.plist; sourceTree = "<group>"; };
		D046EFC2208DFDD700071F7C /* DemoSocialMediaIntegrationTests.xctest */ = {isa = PBXFileReference; explicitFileType = wrapper.cfbundle; includeInIndex = 0; path = DemoSocialMediaIntegrationTests.xctest; sourceTree = BUILT_PRODUCTS_DIR; };
		D046EFC6208DFDD700071F7C /* DemoSocialMediaIntegrationTests.swift */ = {isa = PBXFileReference; lastKnownFileType = sourcecode.swift; path = DemoSocialMediaIntegrationTests.swift; sourceTree = "<group>"; };
		D046EFC8208DFDD700071F7C /* Info.plist */ = {isa = PBXFileReference; lastKnownFileType = text.plist.xml; path = Info.plist; sourceTree = "<group>"; };
		D046EFCD208DFDD800071F7C /* DemoSocialMediaIntegrationUITests.xctest */ = {isa = PBXFileReference; explicitFileType = wrapper.cfbundle; includeInIndex = 0; path = DemoSocialMediaIntegrationUITests.xctest; sourceTree = BUILT_PRODUCTS_DIR; };
		D046EFD1208DFDD800071F7C /* DemoSocialMediaIntegrationUITests.swift */ = {isa = PBXFileReference; lastKnownFileType = sourcecode.swift; path = DemoSocialMediaIntegrationUITests.swift; sourceTree = "<group>"; };
		D046EFD3208DFDD800071F7C /* Info.plist */ = {isa = PBXFileReference; lastKnownFileType = text.plist.xml; path = Info.plist; sourceTree = "<group>"; };
		D0AB0C3D208F25BB00250AA0 /* FBSDKCoreKit.framework */ = {isa = PBXFileReference; explicitFileType = wrapper.framework; path = FBSDKCoreKit.framework; sourceTree = BUILT_PRODUCTS_DIR; };
		D0AB0C3F208F25BB00250AA0 /* FBSDKLoginKit.framework */ = {isa = PBXFileReference; explicitFileType = wrapper.framework; path = FBSDKLoginKit.framework; sourceTree = BUILT_PRODUCTS_DIR; };
		D0B31D87208F38630064502A /* LoginOptionsViewController.swift */ = {isa = PBXFileReference; lastKnownFileType = sourcecode.swift; path = LoginOptionsViewController.swift; sourceTree = "<group>"; };
		D0B31D8A208F3E980064502A /* HomeViewController.swift */ = {isa = PBXFileReference; lastKnownFileType = sourcecode.swift; path = HomeViewController.swift; sourceTree = "<group>"; };
		D0B31D8C208F51650064502A /* AppManager.swift */ = {isa = PBXFileReference; lastKnownFileType = sourcecode.swift; path = AppManager.swift; sourceTree = "<group>"; };
		D0B31D8E208F61FD0064502A /* LoginOptionsView.swift */ = {isa = PBXFileReference; lastKnownFileType = sourcecode.swift; path = LoginOptionsView.swift; sourceTree = "<group>"; };
/* End PBXFileReference section */

/* Begin PBXFrameworksBuildPhase section */
		D046EFA8208DFDCF00071F7C /* Frameworks */ = {
			isa = PBXFrameworksBuildPhase;
			buildActionMask = 2147483647;
			files = (
				B6CF14721D4A346A65D439D6 /* Pods_DemoSocialMediaIntegration.framework in Frameworks */,
			);
			runOnlyForDeploymentPostprocessing = 0;
		};
		D046EFBF208DFDD700071F7C /* Frameworks */ = {
			isa = PBXFrameworksBuildPhase;
			buildActionMask = 2147483647;
			files = (
				3F78D0F820568FFD30D592F1 /* Pods_DemoSocialMediaIntegrationTests.framework in Frameworks */,
			);
			runOnlyForDeploymentPostprocessing = 0;
		};
		D046EFCA208DFDD800071F7C /* Frameworks */ = {
			isa = PBXFrameworksBuildPhase;
			buildActionMask = 2147483647;
			files = (
				76B2EEAB8A6DDA038219A232 /* Pods_DemoSocialMediaIntegrationUITests.framework in Frameworks */,
			);
			runOnlyForDeploymentPostprocessing = 0;
		};
/* End PBXFrameworksBuildPhase section */

/* Begin PBXGroup section */
		013830274A299F9D9122DAD2 /* Pods */ = {
			isa = PBXGroup;
			children = (
				CD16248BC0CBE2CE2F44ED0D /* Pods-DemoSocialMediaIntegration.debug.xcconfig */,
				C6863A92D607284B1DD0DA8C /* Pods-DemoSocialMediaIntegration.release.xcconfig */,
				837871DE08AC695A863E85BD /* Pods-DemoSocialMediaIntegrationTests.debug.xcconfig */,
				0E509312EFE03BAEDBBAE601 /* Pods-DemoSocialMediaIntegrationTests.release.xcconfig */,
				656B4749D28888E3786E27FB /* Pods-DemoSocialMediaIntegrationUITests.debug.xcconfig */,
				1FAAAADB0841A10320771217 /* Pods-DemoSocialMediaIntegrationUITests.release.xcconfig */,
			);
			name = Pods;
			sourceTree = "<group>";
		};
		D046EFA2208DFDCE00071F7C = {
			isa = PBXGroup;
			children = (
				D046EFAD208DFDCF00071F7C /* DemoSocialMediaIntegration */,
				D046EFC5208DFDD700071F7C /* DemoSocialMediaIntegrationTests */,
				D046EFD0208DFDD800071F7C /* DemoSocialMediaIntegrationUITests */,
				D046EFAC208DFDCF00071F7C /* Products */,
				D0AB0C3C208F25BB00250AA0 /* Frameworks */,
				013830274A299F9D9122DAD2 /* Pods */,
			);
			sourceTree = "<group>";
		};
		D046EFAC208DFDCF00071F7C /* Products */ = {
			isa = PBXGroup;
			children = (
				D046EFAB208DFDCF00071F7C /* DemoSocialMediaIntegration.app */,
				D046EFC2208DFDD700071F7C /* DemoSocialMediaIntegrationTests.xctest */,
				D046EFCD208DFDD800071F7C /* DemoSocialMediaIntegrationUITests.xctest */,
			);
			name = Products;
			sourceTree = "<group>";
		};
		D046EFAD208DFDCF00071F7C /* DemoSocialMediaIntegration */ = {
			isa = PBXGroup;
			children = (
				D0B31D89208F3E830064502A /* Home */,
				D0B31D86208F38380064502A /* Login */,
				D046EFAE208DFDCF00071F7C /* AppDelegate.swift */,
				D046EFB2208DFDCF00071F7C /* Main.storyboard */,
				D046EFB8208DFDD700071F7C /* Assets.xcassets */,
				D046EFBA208DFDD700071F7C /* LaunchScreen.storyboard */,
				D046EFBD208DFDD700071F7C /* Info.plist */,
				D046EFB5208DFDCF00071F7C /* DemoSocialMediaIntegration.xcdatamodeld */,
				D0B31D8C208F51650064502A /* AppManager.swift */,
			);
			path = DemoSocialMediaIntegration;
			sourceTree = "<group>";
		};
		D046EFC5208DFDD700071F7C /* DemoSocialMediaIntegrationTests */ = {
			isa = PBXGroup;
			children = (
				D046EFC6208DFDD700071F7C /* DemoSocialMediaIntegrationTests.swift */,
				D046EFC8208DFDD700071F7C /* Info.plist */,
			);
			path = DemoSocialMediaIntegrationTests;
			sourceTree = "<group>";
		};
		D046EFD0208DFDD800071F7C /* DemoSocialMediaIntegrationUITests */ = {
			isa = PBXGroup;
			children = (
				D046EFD1208DFDD800071F7C /* DemoSocialMediaIntegrationUITests.swift */,
				D046EFD3208DFDD800071F7C /* Info.plist */,
			);
			path = DemoSocialMediaIntegrationUITests;
			sourceTree = "<group>";
		};
		D0AB0C3C208F25BB00250AA0 /* Frameworks */ = {
			isa = PBXGroup;
			children = (
				D0AB0C3D208F25BB00250AA0 /* FBSDKCoreKit.framework */,
				D0AB0C3F208F25BB00250AA0 /* FBSDKLoginKit.framework */,
				CF5041705A9231C15D5F5ABA /* Pods_DemoSocialMediaIntegration.framework */,
				C7C6A52F02BDB9B17C521A0E /* Pods_DemoSocialMediaIntegrationTests.framework */,
				77A999ADC2DE3B75761B2CFE /* Pods_DemoSocialMediaIntegrationUITests.framework */,
			);
			name = Frameworks;
			sourceTree = "<group>";
		};
		D0B31D86208F38380064502A /* Login */ = {
			isa = PBXGroup;
			children = (
				D0B31D87208F38630064502A /* LoginOptionsViewController.swift */,
				D0B31D8E208F61FD0064502A /* LoginOptionsView.swift */,
			);
			path = Login;
			sourceTree = "<group>";
		};
		D0B31D89208F3E830064502A /* Home */ = {
			isa = PBXGroup;
			children = (
				D0B31D8A208F3E980064502A /* HomeViewController.swift */,
			);
			path = Home;
			sourceTree = "<group>";
		};
/* End PBXGroup section */

/* Begin PBXNativeTarget section */
		D046EFAA208DFDCF00071F7C /* DemoSocialMediaIntegration */ = {
			isa = PBXNativeTarget;
			buildConfigurationList = D046EFD6208DFDD800071F7C /* Build configuration list for PBXNativeTarget "DemoSocialMediaIntegration" */;
			buildPhases = (
				6FC3BC78BD65E92B5270C065 /* [CP] Check Pods Manifest.lock */,
				D046EFA7208DFDCF00071F7C /* Sources */,
				D046EFA8208DFDCF00071F7C /* Frameworks */,
				D046EFA9208DFDCF00071F7C /* Resources */,
				448B69353804CB67960604C1 /* [CP] Embed Pods Frameworks */,
				1C47998AD366BD156C4F13DF /* [CP] Copy Pods Resources */,
			);
			buildRules = (
			);
			dependencies = (
			);
			name = DemoSocialMediaIntegration;
			productName = DemoSocialMediaIntegration;
			productReference = D046EFAB208DFDCF00071F7C /* DemoSocialMediaIntegration.app */;
			productType = "com.apple.product-type.application";
		};
		D046EFC1208DFDD700071F7C /* DemoSocialMediaIntegrationTests */ = {
			isa = PBXNativeTarget;
			buildConfigurationList = D046EFD9208DFDD800071F7C /* Build configuration list for PBXNativeTarget "DemoSocialMediaIntegrationTests" */;
			buildPhases = (
				80C2879D5E188A564C494AE3 /* [CP] Check Pods Manifest.lock */,
				D046EFBE208DFDD700071F7C /* Sources */,
				D046EFBF208DFDD700071F7C /* Frameworks */,
				D046EFC0208DFDD700071F7C /* Resources */,
				92DB510358C44970C679FC2F /* [CP] Embed Pods Frameworks */,
				B1F84547EDDDD99A026B7091 /* [CP] Copy Pods Resources */,
			);
			buildRules = (
			);
			dependencies = (
				D046EFC4208DFDD700071F7C /* PBXTargetDependency */,
			);
			name = DemoSocialMediaIntegrationTests;
			productName = DemoSocialMediaIntegrationTests;
			productReference = D046EFC2208DFDD700071F7C /* DemoSocialMediaIntegrationTests.xctest */;
			productType = "com.apple.product-type.bundle.unit-test";
		};
		D046EFCC208DFDD800071F7C /* DemoSocialMediaIntegrationUITests */ = {
			isa = PBXNativeTarget;
			buildConfigurationList = D046EFDC208DFDD800071F7C /* Build configuration list for PBXNativeTarget "DemoSocialMediaIntegrationUITests" */;
			buildPhases = (
				4B2E4524FABF4DDCF642CF86 /* [CP] Check Pods Manifest.lock */,
				D046EFC9208DFDD800071F7C /* Sources */,
				D046EFCA208DFDD800071F7C /* Frameworks */,
				D046EFCB208DFDD800071F7C /* Resources */,
				E3B97BAEC2AF4ECC311BBDC9 /* [CP] Embed Pods Frameworks */,
				528A6D56A2473198BBA86AF9 /* [CP] Copy Pods Resources */,
			);
			buildRules = (
			);
			dependencies = (
				D046EFCF208DFDD800071F7C /* PBXTargetDependency */,
			);
			name = DemoSocialMediaIntegrationUITests;
			productName = DemoSocialMediaIntegrationUITests;
			productReference = D046EFCD208DFDD800071F7C /* DemoSocialMediaIntegrationUITests.xctest */;
			productType = "com.apple.product-type.bundle.ui-testing";
		};
/* End PBXNativeTarget section */

/* Begin PBXProject section */
		D046EFA3208DFDCE00071F7C /* Project object */ = {
			isa = PBXProject;
			attributes = {
				LastSwiftUpdateCheck = 0930;
				LastUpgradeCheck = 0930;
				ORGANIZATIONNAME = Saurabh;
				TargetAttributes = {
					D046EFAA208DFDCF00071F7C = {
						CreatedOnToolsVersion = 9.3;
						DevelopmentTeam = GA795399T3;
						ProvisioningStyle = Automatic;
					};
					D046EFC1208DFDD700071F7C = {
						CreatedOnToolsVersion = 9.3;
						DevelopmentTeam = GA795399T3;
						ProvisioningStyle = Automatic;
						TestTargetID = D046EFAA208DFDCF00071F7C;
					};
					D046EFCC208DFDD800071F7C = {
						CreatedOnToolsVersion = 9.3;
						DevelopmentTeam = GA795399T3;
						ProvisioningStyle = Automatic;
						TestTargetID = D046EFAA208DFDCF00071F7C;
					};
				};
			};
			buildConfigurationList = D046EFA6208DFDCE00071F7C /* Build configuration list for PBXProject "DemoSocialMediaIntegration" */;
			compatibilityVersion = "Xcode 3.2";
			developmentRegion = en;
			hasScannedForEncodings = 0;
			knownRegions = (
				en,
				Base,
			);
			mainGroup = D046EFA2208DFDCE00071F7C;
			productRefGroup = D046EFAC208DFDCF00071F7C /* Products */;
			projectDirPath = "";
			projectRoot = "";
			targets = (
				D046EFAA208DFDCF00071F7C /* DemoSocialMediaIntegration */,
				D046EFC1208DFDD700071F7C /* DemoSocialMediaIntegrationTests */,
				D046EFCC208DFDD800071F7C /* DemoSocialMediaIntegrationUITests */,
			);
		};
/* End PBXProject section */

/* Begin PBXResourcesBuildPhase section */
		D046EFA9208DFDCF00071F7C /* Resources */ = {
			isa = PBXResourcesBuildPhase;
			buildActionMask = 2147483647;
			files = (
				D046EFBC208DFDD700071F7C /* LaunchScreen.storyboard in Resources */,
				D046EFB9208DFDD700071F7C /* Assets.xcassets in Resources */,
				D046EFB4208DFDCF00071F7C /* Main.storyboard in Resources */,
			);
			runOnlyForDeploymentPostprocessing = 0;
		};
		D046EFC0208DFDD700071F7C /* Resources */ = {
			isa = PBXResourcesBuildPhase;
			buildActionMask = 2147483647;
			files = (
			);
			runOnlyForDeploymentPostprocessing = 0;
		};
		D046EFCB208DFDD800071F7C /* Resources */ = {
			isa = PBXResourcesBuildPhase;
			buildActionMask = 2147483647;
			files = (
			);
			runOnlyForDeploymentPostprocessing = 0;
		};
/* End PBXResourcesBuildPhase section */

/* Begin PBXShellScriptBuildPhase section */
		1C47998AD366BD156C4F13DF /* [CP] Copy Pods Resources */ = {
			isa = PBXShellScriptBuildPhase;
			buildActionMask = 2147483647;
			files = (
			);
			inputPaths = (
			);
			name = "[CP] Copy Pods Resources";
			outputPaths = (
			);
			runOnlyForDeploymentPostprocessing = 0;
			shellPath = /bin/sh;
			shellScript = "\"${SRCROOT}/Pods/Target Support Files/Pods-DemoSocialMediaIntegration/Pods-DemoSocialMediaIntegration-resources.sh\"\n";
			showEnvVarsInLog = 0;
		};
		448B69353804CB67960604C1 /* [CP] Embed Pods Frameworks */ = {
			isa = PBXShellScriptBuildPhase;
			buildActionMask = 2147483647;
			files = (
			);
			inputPaths = (
				"${SRCROOT}/Pods/Target Support Files/Pods-DemoSocialMediaIntegration/Pods-DemoSocialMediaIntegration-frameworks.sh",
				"${BUILT_PRODUCTS_DIR}/Bolts/Bolts.framework",
				"${BUILT_PRODUCTS_DIR}/FBSDKCoreKit/FBSDKCoreKit.framework",
				"${BUILT_PRODUCTS_DIR}/FBSDKLoginKit/FBSDKLoginKit.framework",
			);
			name = "[CP] Embed Pods Frameworks";
			outputPaths = (
				"${TARGET_BUILD_DIR}/${FRAMEWORKS_FOLDER_PATH}/Bolts.framework",
				"${TARGET_BUILD_DIR}/${FRAMEWORKS_FOLDER_PATH}/FBSDKCoreKit.framework",
				"${TARGET_BUILD_DIR}/${FRAMEWORKS_FOLDER_PATH}/FBSDKLoginKit.framework",
			);
			runOnlyForDeploymentPostprocessing = 0;
			shellPath = /bin/sh;
			shellScript = "\"${SRCROOT}/Pods/Target Support Files/Pods-DemoSocialMediaIntegration/Pods-DemoSocialMediaIntegration-frameworks.sh\"\n";
			showEnvVarsInLog = 0;
		};
		4B2E4524FABF4DDCF642CF86 /* [CP] Check Pods Manifest.lock */ = {
			isa = PBXShellScriptBuildPhase;
			buildActionMask = 2147483647;
			files = (
			);
			inputPaths = (
				"${PODS_PODFILE_DIR_PATH}/Podfile.lock",
				"${PODS_ROOT}/Manifest.lock",
			);
			name = "[CP] Check Pods Manifest.lock";
			outputPaths = (
				"$(DERIVED_FILE_DIR)/Pods-DemoSocialMediaIntegrationUITests-checkManifestLockResult.txt",
			);
			runOnlyForDeploymentPostprocessing = 0;
			shellPath = /bin/sh;
			shellScript = "diff \"${PODS_PODFILE_DIR_PATH}/Podfile.lock\" \"${PODS_ROOT}/Manifest.lock\" > /dev/null\nif [ $? != 0 ] ; then\n    # print error to STDERR\n    echo \"error: The sandbox is not in sync with the Podfile.lock. Run 'pod install' or update your CocoaPods installation.\" >&2\n    exit 1\nfi\n# This output is used by Xcode 'outputs' to avoid re-running this script phase.\necho \"SUCCESS\" > \"${SCRIPT_OUTPUT_FILE_0}\"\n";
			showEnvVarsInLog = 0;
		};
		528A6D56A2473198BBA86AF9 /* [CP] Copy Pods Resources */ = {
			isa = PBXShellScriptBuildPhase;
			buildActionMask = 2147483647;
			files = (
			);
			inputPaths = (
			);
			name = "[CP] Copy Pods Resources";
			outputPaths = (
			);
			runOnlyForDeploymentPostprocessing = 0;
			shellPath = /bin/sh;
			shellScript = "\"${SRCROOT}/Pods/Target Support Files/Pods-DemoSocialMediaIntegrationUITests/Pods-DemoSocialMediaIntegrationUITests-resources.sh\"\n";
			showEnvVarsInLog = 0;
		};
		6FC3BC78BD65E92B5270C065 /* [CP] Check Pods Manifest.lock */ = {
			isa = PBXShellScriptBuildPhase;
			buildActionMask = 2147483647;
			files = (
			);
			inputPaths = (
				"${PODS_PODFILE_DIR_PATH}/Podfile.lock",
				"${PODS_ROOT}/Manifest.lock",
			);
			name = "[CP] Check Pods Manifest.lock";
			outputPaths = (
				"$(DERIVED_FILE_DIR)/Pods-DemoSocialMediaIntegration-checkManifestLockResult.txt",
			);
			runOnlyForDeploymentPostprocessing = 0;
			shellPath = /bin/sh;
			shellScript = "diff \"${PODS_PODFILE_DIR_PATH}/Podfile.lock\" \"${PODS_ROOT}/Manifest.lock\" > /dev/null\nif [ $? != 0 ] ; then\n    # print error to STDERR\n    echo \"error: The sandbox is not in sync with the Podfile.lock. Run 'pod install' or update your CocoaPods installation.\" >&2\n    exit 1\nfi\n# This output is used by Xcode 'outputs' to avoid re-running this script phase.\necho \"SUCCESS\" > \"${SCRIPT_OUTPUT_FILE_0}\"\n";
			showEnvVarsInLog = 0;
		};
		80C2879D5E188A564C494AE3 /* [CP] Check Pods Manifest.lock */ = {
			isa = PBXShellScriptBuildPhase;
			buildActionMask = 2147483647;
			files = (
			);
			inputPaths = (
				"${PODS_PODFILE_DIR_PATH}/Podfile.lock",
				"${PODS_ROOT}/Manifest.lock",
			);
			name = "[CP] Check Pods Manifest.lock";
			outputPaths = (
				"$(DERIVED_FILE_DIR)/Pods-DemoSocialMediaIntegrationTests-checkManifestLockResult.txt",
			);
			runOnlyForDeploymentPostprocessing = 0;
			shellPath = /bin/sh;
			shellScript = "diff \"${PODS_PODFILE_DIR_PATH}/Podfile.lock\" \"${PODS_ROOT}/Manifest.lock\" > /dev/null\nif [ $? != 0 ] ; then\n    # print error to STDERR\n    echo \"error: The sandbox is not in sync with the Podfile.lock. Run 'pod install' or update your CocoaPods installation.\" >&2\n    exit 1\nfi\n# This output is used by Xcode 'outputs' to avoid re-running this script phase.\necho \"SUCCESS\" > \"${SCRIPT_OUTPUT_FILE_0}\"\n";
			showEnvVarsInLog = 0;
		};
		92DB510358C44970C679FC2F /* [CP] Embed Pods Frameworks */ = {
			isa = PBXShellScriptBuildPhase;
			buildActionMask = 2147483647;
			files = (
			);
			inputPaths = (
			);
			name = "[CP] Embed Pods Frameworks";
			outputPaths = (
			);
			runOnlyForDeploymentPostprocessing = 0;
			shellPath = /bin/sh;
			shellScript = "\"${SRCROOT}/Pods/Target Support Files/Pods-DemoSocialMediaIntegrationTests/Pods-DemoSocialMediaIntegrationTests-frameworks.sh\"\n";
			showEnvVarsInLog = 0;
		};
		B1F84547EDDDD99A026B7091 /* [CP] Copy Pods Resources */ = {
			isa = PBXShellScriptBuildPhase;
			buildActionMask = 2147483647;
			files = (
			);
			inputPaths = (
			);
			name = "[CP] Copy Pods Resources";
			outputPaths = (
			);
			runOnlyForDeploymentPostprocessing = 0;
			shellPath = /bin/sh;
			shellScript = "\"${SRCROOT}/Pods/Target Support Files/Pods-DemoSocialMediaIntegrationTests/Pods-DemoSocialMediaIntegrationTests-resources.sh\"\n";
			showEnvVarsInLog = 0;
		};
		E3B97BAEC2AF4ECC311BBDC9 /* [CP] Embed Pods Frameworks */ = {
			isa = PBXShellScriptBuildPhase;
			buildActionMask = 2147483647;
			files = (
			);
			inputPaths = (
			);
			name = "[CP] Embed Pods Frameworks";
			outputPaths = (
			);
			runOnlyForDeploymentPostprocessing = 0;
			shellPath = /bin/sh;
			shellScript = "\"${SRCROOT}/Pods/Target Support Files/Pods-DemoSocialMediaIntegrationUITests/Pods-DemoSocialMediaIntegrationUITests-frameworks.sh\"\n";
			showEnvVarsInLog = 0;
		};
/* End PBXShellScriptBuildPhase section */

/* Begin PBXSourcesBuildPhase section */
		D046EFA7208DFDCF00071F7C /* Sources */ = {
			isa = PBXSourcesBuildPhase;
			buildActionMask = 2147483647;
			files = (
				D0B31D88208F38630064502A /* LoginOptionsViewController.swift in Sources */,
				D0B31D8F208F61FD0064502A /* LoginOptionsView.swift in Sources */,
				D0B31D8D208F51650064502A /* AppManager.swift in Sources */,
				D046EFAF208DFDCF00071F7C /* AppDelegate.swift in Sources */,
				D046EFB7208DFDCF00071F7C /* DemoSocialMediaIntegration.xcdatamodeld in Sources */,
				D0B31D8B208F3E980064502A /* HomeViewController.swift in Sources */,
			);
			runOnlyForDeploymentPostprocessing = 0;
		};
		D046EFBE208DFDD700071F7C /* Sources */ = {
			isa = PBXSourcesBuildPhase;
			buildActionMask = 2147483647;
			files = (
				D046EFC7208DFDD700071F7C /* DemoSocialMediaIntegrationTests.swift in Sources */,
			);
			runOnlyForDeploymentPostprocessing = 0;
		};
		D046EFC9208DFDD800071F7C /* Sources */ = {
			isa = PBXSourcesBuildPhase;
			buildActionMask = 2147483647;
			files = (
				D046EFD2208DFDD800071F7C /* DemoSocialMediaIntegrationUITests.swift in Sources */,
			);
			runOnlyForDeploymentPostprocessing = 0;
		};
/* End PBXSourcesBuildPhase section */

/* Begin PBXTargetDependency section */
		D046EFC4208DFDD700071F7C /* PBXTargetDependency */ = {
			isa = PBXTargetDependency;
			target = D046EFAA208DFDCF00071F7C /* DemoSocialMediaIntegration */;
			targetProxy = D046EFC3208DFDD700071F7C /* PBXContainerItemProxy */;
		};
		D046EFCF208DFDD800071F7C /* PBXTargetDependency */ = {
			isa = PBXTargetDependency;
			target = D046EFAA208DFDCF00071F7C /* DemoSocialMediaIntegration */;
			targetProxy = D046EFCE208DFDD800071F7C /* PBXContainerItemProxy */;
		};
/* End PBXTargetDependency section */

/* Begin PBXVariantGroup section */
		D046EFB2208DFDCF00071F7C /* Main.storyboard */ = {
			isa = PBXVariantGroup;
			children = (
				D046EFB3208DFDCF00071F7C /* Base */,
			);
			name = Main.storyboard;
			sourceTree = "<group>";
		};
		D046EFBA208DFDD700071F7C /* LaunchScreen.storyboard */ = {
			isa = PBXVariantGroup;
			children = (
				D046EFBB208DFDD700071F7C /* Base */,
			);
			name = LaunchScreen.storyboard;
			sourceTree = "<group>";
		};
/* End PBXVariantGroup section */

/* Begin XCBuildConfiguration section */
		D046EFD4208DFDD800071F7C /* Debug */ = {
			isa = XCBuildConfiguration;
			buildSettings = {
				ALWAYS_SEARCH_USER_PATHS = NO;
				CLANG_ANALYZER_NONNULL = YES;
				CLANG_ANALYZER_NUMBER_OBJECT_CONVERSION = YES_AGGRESSIVE;
				CLANG_CXX_LANGUAGE_STANDARD = "gnu++14";
				CLANG_CXX_LIBRARY = "libc++";
				CLANG_ENABLE_MODULES = YES;
				CLANG_ENABLE_OBJC_ARC = YES;
				CLANG_ENABLE_OBJC_WEAK = YES;
				CLANG_WARN_BLOCK_CAPTURE_AUTORELEASING = YES;
				CLANG_WARN_BOOL_CONVERSION = YES;
				CLANG_WARN_COMMA = YES;
				CLANG_WARN_CONSTANT_CONVERSION = YES;
				CLANG_WARN_DEPRECATED_OBJC_IMPLEMENTATIONS = YES;
				CLANG_WARN_DIRECT_OBJC_ISA_USAGE = YES_ERROR;
				CLANG_WARN_DOCUMENTATION_COMMENTS = YES;
				CLANG_WARN_EMPTY_BODY = YES;
				CLANG_WARN_ENUM_CONVERSION = YES;
				CLANG_WARN_INFINITE_RECURSION = YES;
				CLANG_WARN_INT_CONVERSION = YES;
				CLANG_WARN_NON_LITERAL_NULL_CONVERSION = YES;
				CLANG_WARN_OBJC_IMPLICIT_RETAIN_SELF = YES;
				CLANG_WARN_OBJC_LITERAL_CONVERSION = YES;
				CLANG_WARN_OBJC_ROOT_CLASS = YES_ERROR;
				CLANG_WARN_RANGE_LOOP_ANALYSIS = YES;
				CLANG_WARN_STRICT_PROTOTYPES = YES;
				CLANG_WARN_SUSPICIOUS_MOVE = YES;
				CLANG_WARN_UNGUARDED_AVAILABILITY = YES_AGGRESSIVE;
				CLANG_WARN_UNREACHABLE_CODE = YES;
				CLANG_WARN__DUPLICATE_METHOD_MATCH = YES;
				CODE_SIGN_IDENTITY = "iPhone Developer";
				COPY_PHASE_STRIP = NO;
				DEBUG_INFORMATION_FORMAT = dwarf;
				ENABLE_STRICT_OBJC_MSGSEND = YES;
				ENABLE_TESTABILITY = YES;
				GCC_C_LANGUAGE_STANDARD = gnu11;
				GCC_DYNAMIC_NO_PIC = NO;
				GCC_NO_COMMON_BLOCKS = YES;
				GCC_OPTIMIZATION_LEVEL = 0;
				GCC_PREPROCESSOR_DEFINITIONS = (
					"DEBUG=1",
					"$(inherited)",
				);
				GCC_WARN_64_TO_32_BIT_CONVERSION = YES;
				GCC_WARN_ABOUT_RETURN_TYPE = YES_ERROR;
				GCC_WARN_UNDECLARED_SELECTOR = YES;
				GCC_WARN_UNINITIALIZED_AUTOS = YES_AGGRESSIVE;
				GCC_WARN_UNUSED_FUNCTION = YES;
				GCC_WARN_UNUSED_VARIABLE = YES;
				IPHONEOS_DEPLOYMENT_TARGET = 10.0;
				MTL_ENABLE_DEBUG_INFO = YES;
				ONLY_ACTIVE_ARCH = YES;
				SDKROOT = iphoneos;
				SWIFT_ACTIVE_COMPILATION_CONDITIONS = DEBUG;
				SWIFT_OPTIMIZATION_LEVEL = "-Onone";
			};
			name = Debug;
		};
		D046EFD5208DFDD800071F7C /* Release */ = {
			isa = XCBuildConfiguration;
			buildSettings = {
				ALWAYS_SEARCH_USER_PATHS = NO;
				CLANG_ANALYZER_NONNULL = YES;
				CLANG_ANALYZER_NUMBER_OBJECT_CONVERSION = YES_AGGRESSIVE;
				CLANG_CXX_LANGUAGE_STANDARD = "gnu++14";
				CLANG_CXX_LIBRARY = "libc++";
				CLANG_ENABLE_MODULES = YES;
				CLANG_ENABLE_OBJC_ARC = YES;
				CLANG_ENABLE_OBJC_WEAK = YES;
				CLANG_WARN_BLOCK_CAPTURE_AUTORELEASING = YES;
				CLANG_WARN_BOOL_CONVERSION = YES;
				CLANG_WARN_COMMA = YES;
				CLANG_WARN_CONSTANT_CONVERSION = YES;
				CLANG_WARN_DEPRECATED_OBJC_IMPLEMENTATIONS = YES;
				CLANG_WARN_DIRECT_OBJC_ISA_USAGE = YES_ERROR;
				CLANG_WARN_DOCUMENTATION_COMMENTS = YES;
				CLANG_WARN_EMPTY_BODY = YES;
				CLANG_WARN_ENUM_CONVERSION = YES;
				CLANG_WARN_INFINITE_RECURSION = YES;
				CLANG_WARN_INT_CONVERSION = YES;
				CLANG_WARN_NON_LITERAL_NULL_CONVERSION = YES;
				CLANG_WARN_OBJC_IMPLICIT_RETAIN_SELF = YES;
				CLANG_WARN_OBJC_LITERAL_CONVERSION = YES;
				CLANG_WARN_OBJC_ROOT_CLASS = YES_ERROR;
				CLANG_WARN_RANGE_LOOP_ANALYSIS = YES;
				CLANG_WARN_STRICT_PROTOTYPES = YES;
				CLANG_WARN_SUSPICIOUS_MOVE = YES;
				CLANG_WARN_UNGUARDED_AVAILABILITY = YES_AGGRESSIVE;
				CLANG_WARN_UNREACHABLE_CODE = YES;
				CLANG_WARN__DUPLICATE_METHOD_MATCH = YES;
				CODE_SIGN_IDENTITY = "iPhone Developer";
				COPY_PHASE_STRIP = NO;
				DEBUG_INFORMATION_FORMAT = "dwarf-with-dsym";
				ENABLE_NS_ASSERTIONS = NO;
				ENABLE_STRICT_OBJC_MSGSEND = YES;
				GCC_C_LANGUAGE_STANDARD = gnu11;
				GCC_NO_COMMON_BLOCKS = YES;
				GCC_WARN_64_TO_32_BIT_CONVERSION = YES;
				GCC_WARN_ABOUT_RETURN_TYPE = YES_ERROR;
				GCC_WARN_UNDECLARED_SELECTOR = YES;
				GCC_WARN_UNINITIALIZED_AUTOS = YES_AGGRESSIVE;
				GCC_WARN_UNUSED_FUNCTION = YES;
				GCC_WARN_UNUSED_VARIABLE = YES;
				IPHONEOS_DEPLOYMENT_TARGET = 10.0;
				MTL_ENABLE_DEBUG_INFO = NO;
				SDKROOT = iphoneos;
				SWIFT_OPTIMIZATION_LEVEL = "-Owholemodule";
				VALIDATE_PRODUCT = YES;
			};
			name = Release;
		};
		D046EFD7208DFDD800071F7C /* Debug */ = {
			isa = XCBuildConfiguration;
			baseConfigurationReference = CD16248BC0CBE2CE2F44ED0D /* Pods-DemoSocialMediaIntegration.debug.xcconfig */;
			buildSettings = {
				ASSETCATALOG_COMPILER_APPICON_NAME = AppIcon;
				CODE_SIGN_STYLE = Automatic;
				DEVELOPMENT_TEAM = GA795399T3;
				INFOPLIST_FILE = DemoSocialMediaIntegration/Info.plist;
				IPHONEOS_DEPLOYMENT_TARGET = 10.0;
				LD_RUNPATH_SEARCH_PATHS = "$(inherited) @executable_path/Frameworks";
				ONLY_ACTIVE_ARCH = NO;
				PRODUCT_BUNDLE_IDENTIFIER = com.saurabh.DemoSocialMediaIntegration;
				PRODUCT_NAME = "$(TARGET_NAME)";
				SWIFT_VERSION = 4.0;
				TARGETED_DEVICE_FAMILY = "1,2";
				VALID_ARCHS = "armv7 s armv7 arm64";
			};
			name = Debug;
		};
		D046EFD8208DFDD800071F7C /* Release */ = {
			isa = XCBuildConfiguration;
			baseConfigurationReference = C6863A92D607284B1DD0DA8C /* Pods-DemoSocialMediaIntegration.release.xcconfig */;
			buildSettings = {
				ASSETCATALOG_COMPILER_APPICON_NAME = AppIcon;
				CODE_SIGN_STYLE = Automatic;
				DEVELOPMENT_TEAM = GA795399T3;
				INFOPLIST_FILE = DemoSocialMediaIntegration/Info.plist;
				IPHONEOS_DEPLOYMENT_TARGET = 10.0;
				LD_RUNPATH_SEARCH_PATHS = "$(inherited) @executable_path/Frameworks";
				PRODUCT_BUNDLE_IDENTIFIER = com.saurabh.DemoSocialMediaIntegration;
				PRODUCT_NAME = "$(TARGET_NAME)";
				SWIFT_VERSION = 4.0;
				TARGETED_DEVICE_FAMILY = "1,2";
				VALID_ARCHS = "armv7 s armv7 arm64";
			};
			name = Release;
		};
		D046EFDA208DFDD800071F7C /* Debug */ = {
			isa = XCBuildConfiguration;
			baseConfigurationReference = 837871DE08AC695A863E85BD /* Pods-DemoSocialMediaIntegrationTests.debug.xcconfig */;
			buildSettings = {
				ALWAYS_EMBED_SWIFT_STANDARD_LIBRARIES = YES;
				BUNDLE_LOADER = "$(TEST_HOST)";
				CODE_SIGN_STYLE = Automatic;
				DEVELOPMENT_TEAM = GA795399T3;
				INFOPLIST_FILE = DemoSocialMediaIntegrationTests/Info.plist;
				LD_RUNPATH_SEARCH_PATHS = "$(inherited) @executable_path/Frameworks @loader_path/Frameworks";
				PRODUCT_BUNDLE_IDENTIFIER = com.saurabh.DemoSocialMediaIntegrationTests;
				PRODUCT_NAME = "$(TARGET_NAME)";
				SWIFT_VERSION = 4.0;
				TARGETED_DEVICE_FAMILY = "1,2";
				TEST_HOST = "$(BUILT_PRODUCTS_DIR)/DemoSocialMediaIntegration.app/DemoSocialMediaIntegration";
			};
			name = Debug;
		};
		D046EFDB208DFDD800071F7C /* Release */ = {
			isa = XCBuildConfiguration;
			baseConfigurationReference = 0E509312EFE03BAEDBBAE601 /* Pods-DemoSocialMediaIntegrationTests.release.xcconfig */;
			buildSettings = {
				ALWAYS_EMBED_SWIFT_STANDARD_LIBRARIES = YES;
				BUNDLE_LOADER = "$(TEST_HOST)";
				CODE_SIGN_STYLE = Automatic;
				DEVELOPMENT_TEAM = GA795399T3;
				INFOPLIST_FILE = DemoSocialMediaIntegrationTests/Info.plist;
				LD_RUNPATH_SEARCH_PATHS = "$(inherited) @executable_path/Frameworks @loader_path/Frameworks";
				PRODUCT_BUNDLE_IDENTIFIER = com.saurabh.DemoSocialMediaIntegrationTests;
				PRODUCT_NAME = "$(TARGET_NAME)";
				SWIFT_VERSION = 4.0;
				TARGETED_DEVICE_FAMILY = "1,2";
				TEST_HOST = "$(BUILT_PRODUCTS_DIR)/DemoSocialMediaIntegration.app/DemoSocialMediaIntegration";
			};
			name = Release;
		};
		D046EFDD208DFDD800071F7C /* Debug */ = {
			isa = XCBuildConfiguration;
			baseConfigurationReference = 656B4749D28888E3786E27FB /* Pods-DemoSocialMediaIntegrationUITests.debug.xcconfig */;
			buildSettings = {
				ALWAYS_EMBED_SWIFT_STANDARD_LIBRARIES = YES;
				CODE_SIGN_STYLE = Automatic;
				DEVELOPMENT_TEAM = GA795399T3;
				INFOPLIST_FILE = DemoSocialMediaIntegrationUITests/Info.plist;
				LD_RUNPATH_SEARCH_PATHS = "$(inherited) @executable_path/Frameworks @loader_path/Frameworks";
				PRODUCT_BUNDLE_IDENTIFIER = com.saurabh.DemoSocialMediaIntegrationUITests;
				PRODUCT_NAME = "$(TARGET_NAME)";
				SWIFT_VERSION = 4.0;
				TARGETED_DEVICE_FAMILY = "1,2";
				TEST_TARGET_NAME = DemoSocialMediaIntegration;
			};
			name = Debug;
		};
		D046EFDE208DFDD800071F7C /* Release */ = {
			isa = XCBuildConfiguration;
			baseConfigurationReference = 1FAAAADB0841A10320771217 /* Pods-DemoSocialMediaIntegrationUITests.release.xcconfig */;
			buildSettings = {
				ALWAYS_EMBED_SWIFT_STANDARD_LIBRARIES = YES;
				CODE_SIGN_STYLE = Automatic;
				DEVELOPMENT_TEAM = GA795399T3;
				INFOPLIST_FILE = DemoSocialMediaIntegrationUITests/Info.plist;
				LD_RUNPATH_SEARCH_PATHS = "$(inherited) @executable_path/Frameworks @loader_path/Frameworks";
				PRODUCT_BUNDLE_IDENTIFIER = com.saurabh.DemoSocialMediaIntegrationUITests;
				PRODUCT_NAME = "$(TARGET_NAME)";
				SWIFT_VERSION = 4.0;
				TARGETED_DEVICE_FAMILY = "1,2";
				TEST_TARGET_NAME = DemoSocialMediaIntegration;
			};
			name = Release;
		};
/* End XCBuildConfiguration section */

/* Begin XCConfigurationList section */
		D046EFA6208DFDCE00071F7C /* Build configuration list for PBXProject "DemoSocialMediaIntegration" */ = {
			isa = XCConfigurationList;
			buildConfigurations = (
				D046EFD4208DFDD800071F7C /* Debug */,
				D046EFD5208DFDD800071F7C /* Release */,
			);
			defaultConfigurationIsVisible = 0;
			defaultConfigurationName = Release;
		};
		D046EFD6208DFDD800071F7C /* Build configuration list for PBXNativeTarget "DemoSocialMediaIntegration" */ = {
			isa = XCConfigurationList;
			buildConfigurations = (
				D046EFD7208DFDD800071F7C /* Debug */,
				D046EFD8208DFDD800071F7C /* Release */,
			);
			defaultConfigurationIsVisible = 0;
			defaultConfigurationName = Release;
		};
		D046EFD9208DFDD800071F7C /* Build configuration list for PBXNativeTarget "DemoSocialMediaIntegrationTests" */ = {
			isa = XCConfigurationList;
			buildConfigurations = (
				D046EFDA208DFDD800071F7C /* Debug */,
				D046EFDB208DFDD800071F7C /* Release */,
			);
			defaultConfigurationIsVisible = 0;
			defaultConfigurationName = Release;
		};
		D046EFDC208DFDD800071F7C /* Build configuration list for PBXNativeTarget "DemoSocialMediaIntegrationUITests" */ = {
			isa = XCConfigurationList;
			buildConfigurations = (
				D046EFDD208DFDD800071F7C /* Debug */,
				D046EFDE208DFDD800071F7C /* Release */,
			);
			defaultConfigurationIsVisible = 0;
			defaultConfigurationName = Release;
		};
/* End XCConfigurationList section */

/* Begin XCVersionGroup section */
		D046EFB5208DFDCF00071F7C /* DemoSocialMediaIntegration.xcdatamodeld */ = {
			isa = XCVersionGroup;
			children = (
				D046EFB6208DFDCF00071F7C /* DemoSocialMediaIntegration.xcdatamodel */,
			);
			currentVersion = D046EFB6208DFDCF00071F7C /* DemoSocialMediaIntegration.xcdatamodel */;
			path = DemoSocialMediaIntegration.xcdatamodeld;
			sourceTree = "<group>";
			versionGroupType = wrapper.xcdatamodel;
		};
/* End XCVersionGroup section */
	};
	rootObject = D046EFA3208DFDCE00071F7C /* Project object */;
}
